
Microsoft Visual Studio Solution File, Format Version 12.00
# Visual Studio Version 17
VisualStudioVersion = 17.2.32602.215
MinimumVisualStudioVersion = 10.0.40219.1
Project("{2150E333-8FDC-42A3-9474-1A3956D46DE8}") = "FrontEnd", "FrontEnd", "{B1AD1E69-FF2A-4AA6-81F0-1470EB1BC26F}"
EndProject
Project("{2150E333-8FDC-42A3-9474-1A3956D46DE8}") = "Services", "Services", "{DFF6B058-74C9-4936-B9CA-9390E5934FAE}"
EndProject
Project("{FAE04EC0-301F-11D3-BF4B-00C04F79EFBC}") = "GeekShopping.Web", "GeekShoping.Web\GeekShopping.Web.csproj", "{4CC80A73-F8C6-4332-9BCF-7EB10C012081}"
EndProject
Project("{FAE04EC0-301F-11D3-BF4B-00C04F79EFBC}") = "GeekShopping.ProductAPI", "GeekShopping.ProductAPI\GeekShopping.ProductAPI.csproj", "{7E52E567-6C2B-402B-9480-DDCCE19C27D8}"
EndProject
Global
	GlobalSection(SolutionConfigurationPlatforms) = preSolution
		Debug|Any CPU = Debug|Any CPU
		Release|Any CPU = Release|Any CPU
	EndGlobalSection
	GlobalSection(ProjectConfigurationPlatforms) = postSolution
		{4CC80A73-F8C6-4332-9BCF-7EB10C012081}.Debug|Any CPU.ActiveCfg = Debug|Any CPU
		{4CC80A73-F8C6-4332-9BCF-7EB10C012081}.Debug|Any CPU.Build.0 = Debug|Any CPU
		{4CC80A73-F8C6-4332-9BCF-7EB10C012081}.Release|Any CPU.ActiveCfg = Release|Any CPU
		{4CC80A73-F8C6-4332-9BCF-7EB10C012081}.Release|Any CPU.Build.0 = Release|Any CPU
		{7E52E567-6C2B-402B-9480-DDCCE19C27D8}.Debug|Any CPU.ActiveCfg = Debug|Any CPU
		{7E52E567-6C2B-402B-9480-DDCCE19C27D8}.Debug|Any CPU.Build.0 = Debug|Any CPU
		{7E52E567-6C2B-402B-9480-DDCCE19C27D8}.Release|Any CPU.ActiveCfg = Release|Any CPU
		{7E52E567-6C2B-402B-9480-DDCCE19C27D8}.Release|Any CPU.Build.0 = Release|Any CPU
	EndGlobalSection
	GlobalSection(SolutionProperties) = preSolution
		HideSolutionNode = FALSE
	EndGlobalSection
	GlobalSection(NestedProjects) = preSolution
		{4CC80A73-F8C6-4332-9BCF-7EB10C012081} = {B1AD1E69-FF2A-4AA6-81F0-1470EB1BC26F}
		{7E52E567-6C2B-402B-9480-DDCCE19C27D8} = {DFF6B058-74C9-4936-B9CA-9390E5934FAE}
	EndGlobalSection
	GlobalSection(ExtensibilityGlobals) = postSolution
		SolutionGuid = {5DBE31DD-5D2B-4005-92CF-DD49590642D0}
	EndGlobalSection
EndGlobal
